
Microsoft Visual Studio Solution File, Format Version 12.00
# Visual Studio Version 17
VisualStudioVersion = 17.3.32922.545
MinimumVisualStudioVersion = 10.0.40219.1
Project("{FAE04EC0-301F-11D3-BF4B-00C04F79EFBC}") = "PlayersGuide5thEdition.1", "PlayersGuide5thEdition.1\PlayersGuide5thEdition.1.csproj", "{D56F01B1-F032-409A-BE20-A533BD9E1BFE}"
EndProject
Global
	GlobalSection(SolutionConfigurationPlatforms) = preSolution
		Debug|Any CPU = Debug|Any CPU
		Release|Any CPU = Release|Any CPU
	EndGlobalSection
	GlobalSection(ProjectConfigurationPlatforms) = postSolution
		{D56F01B1-F032-409A-BE20-A533BD9E1BFE}.Debug|Any CPU.ActiveCfg = Debug|Any CPU
		{D56F01B1-F032-409A-BE20-A533BD9E1BFE}.Debug|Any CPU.Build.0 = Debug|Any CPU
		{D56F01B1-F032-409A-BE20-A533BD9E1BFE}.Release|Any CPU.ActiveCfg = Release|Any CPU
		{D56F01B1-F032-409A-BE20-A533BD9E1BFE}.Release|Any CPU.Build.0 = Release|Any CPU
	EndGlobalSection
	GlobalSection(SolutionProperties) = preSolution
		HideSolutionNode = FALSE
	EndGlobalSection
	GlobalSection(ExtensibilityGlobals) = postSolution
		SolutionGuid = {5E58BA9E-2182-47EB-BF92-9EEAFA2FB946}
	EndGlobalSection
EndGlobal
